# This file was autogenerated by Stack.
# You should not edit this file by hand.
# For more information, please see the documentation at:
#   https://docs.haskellstack.org/en/stable/lock_files

packages: []
snapshots:
- completed:
    size: 530373
    url: https://raw.githubusercontent.com/commercialhaskell/stackage-snapshots/master/nightly/2020/5/30.yaml
    sha256: 47c5f0bbaf99d97afaa30d86bcf9dcafa7361ced0b2fdc9b9debcdd9f544d266
  original: nightly-2020-05-30
